
Microsoft Visual Studio Solution File, Format Version 12.00
# Visual Studio 15
VisualStudioVersion = 15.0.26124.0
MinimumVisualStudioVersion = 15.0.26124.0
Project("{FAE04EC0-301F-11D3-BF4B-00C04F79EFBC}") = "Mobius.Library", "Mobius.Library\Mobius.Library.csproj", "{E05629C1-F3EC-4E32-9D71-1FEACE2BCCEC}"
EndProject
Project("{FAE04EC0-301F-11D3-BF4B-00C04F79EFBC}") = "Mobius.Console", "Mobius.Console\Mobius.Console.csproj", "{45644D49-F7FA-4214-856B-1982603892A7}"
EndProject
Project("{FAE04EC0-301F-11D3-BF4B-00C04F79EFBC}") = "Mobius.Test", "Mobius.Test\Mobius.Test.csproj", "{83F37547-AB2B-429F-AF06-C20D9D3AB081}"
EndProject
Global
	GlobalSection(SolutionConfigurationPlatforms) = preSolution
		Debug|Any CPU = Debug|Any CPU
		Debug|x64 = Debug|x64
		Debug|x86 = Debug|x86
		Release|Any CPU = Release|Any CPU
		Release|x64 = Release|x64
		Release|x86 = Release|x86
	EndGlobalSection
	GlobalSection(SolutionProperties) = preSolution
		HideSolutionNode = FALSE
	EndGlobalSection
	GlobalSection(ProjectConfigurationPlatforms) = postSolution
		{E05629C1-F3EC-4E32-9D71-1FEACE2BCCEC}.Debug|Any CPU.ActiveCfg = Debug|Any CPU
		{E05629C1-F3EC-4E32-9D71-1FEACE2BCCEC}.Debug|Any CPU.Build.0 = Debug|Any CPU
		{E05629C1-F3EC-4E32-9D71-1FEACE2BCCEC}.Debug|x64.ActiveCfg = Debug|Any CPU
		{E05629C1-F3EC-4E32-9D71-1FEACE2BCCEC}.Debug|x64.Build.0 = Debug|Any CPU
		{E05629C1-F3EC-4E32-9D71-1FEACE2BCCEC}.Debug|x86.ActiveCfg = Debug|Any CPU
		{E05629C1-F3EC-4E32-9D71-1FEACE2BCCEC}.Debug|x86.Build.0 = Debug|Any CPU
		{E05629C1-F3EC-4E32-9D71-1FEACE2BCCEC}.Release|Any CPU.ActiveCfg = Release|Any CPU
		{E05629C1-F3EC-4E32-9D71-1FEACE2BCCEC}.Release|Any CPU.Build.0 = Release|Any CPU
		{E05629C1-F3EC-4E32-9D71-1FEACE2BCCEC}.Release|x64.ActiveCfg = Release|Any CPU
		{E05629C1-F3EC-4E32-9D71-1FEACE2BCCEC}.Release|x64.Build.0 = Release|Any CPU
		{E05629C1-F3EC-4E32-9D71-1FEACE2BCCEC}.Release|x86.ActiveCfg = Release|Any CPU
		{E05629C1-F3EC-4E32-9D71-1FEACE2BCCEC}.Release|x86.Build.0 = Release|Any CPU
		{45644D49-F7FA-4214-856B-1982603892A7}.Debug|Any CPU.ActiveCfg = Debug|Any CPU
		{45644D49-F7FA-4214-856B-1982603892A7}.Debug|Any CPU.Build.0 = Debug|Any CPU
		{45644D49-F7FA-4214-856B-1982603892A7}.Debug|x64.ActiveCfg = Debug|Any CPU
		{45644D49-F7FA-4214-856B-1982603892A7}.Debug|x64.Build.0 = Debug|Any CPU
		{45644D49-F7FA-4214-856B-1982603892A7}.Debug|x86.ActiveCfg = Debug|Any CPU
		{45644D49-F7FA-4214-856B-1982603892A7}.Debug|x86.Build.0 = Debug|Any CPU
		{45644D49-F7FA-4214-856B-1982603892A7}.Release|Any CPU.ActiveCfg = Release|Any CPU
		{45644D49-F7FA-4214-856B-1982603892A7}.Release|Any CPU.Build.0 = Release|Any CPU
		{45644D49-F7FA-4214-856B-1982603892A7}.Release|x64.ActiveCfg = Release|Any CPU
		{45644D49-F7FA-4214-856B-1982603892A7}.Release|x64.Build.0 = Release|Any CPU
		{45644D49-F7FA-4214-856B-1982603892A7}.Release|x86.ActiveCfg = Release|Any CPU
		{45644D49-F7FA-4214-856B-1982603892A7}.Release|x86.Build.0 = Release|Any CPU
		{83F37547-AB2B-429F-AF06-C20D9D3AB081}.Debug|Any CPU.ActiveCfg = Debug|Any CPU
		{83F37547-AB2B-429F-AF06-C20D9D3AB081}.Debug|Any CPU.Build.0 = Debug|Any CPU
		{83F37547-AB2B-429F-AF06-C20D9D3AB081}.Debug|x64.ActiveCfg = Debug|Any CPU
		{83F37547-AB2B-429F-AF06-C20D9D3AB081}.Debug|x64.Build.0 = Debug|Any CPU
		{83F37547-AB2B-429F-AF06-C20D9D3AB081}.Debug|x86.ActiveCfg = Debug|Any CPU
		{83F37547-AB2B-429F-AF06-C20D9D3AB081}.Debug|x86.Build.0 = Debug|Any CPU
		{83F37547-AB2B-429F-AF06-C20D9D3AB081}.Release|Any CPU.ActiveCfg = Release|Any CPU
		{83F37547-AB2B-429F-AF06-C20D9D3AB081}.Release|Any CPU.Build.0 = Release|Any CPU
		{83F37547-AB2B-429F-AF06-C20D9D3AB081}.Release|x64.ActiveCfg = Release|Any CPU
		{83F37547-AB2B-429F-AF06-C20D9D3AB081}.Release|x64.Build.0 = Release|Any CPU
		{83F37547-AB2B-429F-AF06-C20D9D3AB081}.Release|x86.ActiveCfg = Release|Any CPU
		{83F37547-AB2B-429F-AF06-C20D9D3AB081}.Release|x86.Build.0 = Release|Any CPU
	EndGlobalSection
EndGlobal
